
Microsoft Visual Studio Solution File, Format Version 12.00
# Visual Studio Version 17
VisualStudioVersion = 17.11.35219.272
MinimumVisualStudioVersion = 10.0.40219.1
Project("{FAE04EC0-301F-11D3-BF4B-00C04F79EFBC}") = "Week1Exercise2", "Week1Exercise2\Week1Exercise2.csproj", "{78C75BB7-1139-46BE-BBF2-BDFA9FDD4C8D}"
EndProject
Global
	GlobalSection(SolutionConfigurationPlatforms) = preSolution
		Debug|Any CPU = Debug|Any CPU
		Release|Any CPU = Release|Any CPU
	EndGlobalSection
	GlobalSection(ProjectConfigurationPlatforms) = postSolution
		{78C75BB7-1139-46BE-BBF2-BDFA9FDD4C8D}.Debug|Any CPU.ActiveCfg = Debug|Any CPU
		{78C75BB7-1139-46BE-BBF2-BDFA9FDD4C8D}.Debug|Any CPU.Build.0 = Debug|Any CPU
		{78C75BB7-1139-46BE-BBF2-BDFA9FDD4C8D}.Release|Any CPU.ActiveCfg = Release|Any CPU
		{78C75BB7-1139-46BE-BBF2-BDFA9FDD4C8D}.Release|Any CPU.Build.0 = Release|Any CPU
	EndGlobalSection
	GlobalSection(SolutionProperties) = preSolution
		HideSolutionNode = FALSE
	EndGlobalSection
	GlobalSection(ExtensibilityGlobals) = postSolution
		SolutionGuid = {FDF15895-A7F5-44CC-BCDE-4C3E8D776CA1}
	EndGlobalSection
EndGlobal
